<?xml version="1.0" encoding="UTF-8"?>
<Solution>
	<Configurations>
		<BuildType Name="Debug"/>
		<BuildType Name="Release"/>
		<BuildType Name="MinSizeRel"/>
		<BuildType Name="RelWithDebInfo"/>
		<Platform Name="x64"/>
	</Configurations>
	<Project Path="cjpeg-static.vcxproj" Type="8bc9ceb8-8b4a-11d0-8d11-00a0c91bc942" Id="7751f533-5de5-3d48-b85d-9eb30c80cbc1">
		<BuildDependency Project="ZERO_CHECK.vcxproj"/>
		<BuildDependency Project="jpeg-static.vcxproj"/>
	</Project>
	<Project Path="croptest.vcxproj" Type="8bc9ceb8-8b4a-11d0-8d11-00a0c91bc942" Id="954cebd2-fc4b-32ea-96f1-98e7bbc26ca0">
		<BuildDependency Project="ZERO_CHECK.vcxproj"/>
		<Build Solution="Debug|*" Project="false"/>
		<Build Solution="Release|*" Project="false"/>
		<Build Solution="MinSizeRel|*" Project="false"/>
		<Build Solution="RelWithDebInfo|*" Project="false"/>
	</Project>
	<Project Path="dist.vcxproj" Type="8bc9ceb8-8b4a-11d0-8d11-00a0c91bc942" Id="aa2d322f-995e-35e5-8061-f8b7f9cdb440">
		<BuildDependency Project="ZERO_CHECK.vcxproj"/>
		<Build Solution="Debug|*" Project="false"/>
		<Build Solution="Release|*" Project="false"/>
		<Build Solution="MinSizeRel|*" Project="false"/>
		<Build Solution="RelWithDebInfo|*" Project="false"/>
	</Project>
	<Project Path="djpeg-static.vcxproj" Type="8bc9ceb8-8b4a-11d0-8d11-00a0c91bc942" Id="765ebb20-8f9f-344a-a1a6-769330b5c731">
		<BuildDependency Project="ZERO_CHECK.vcxproj"/>
		<BuildDependency Project="jpeg-static.vcxproj"/>
	</Project>
	<Project Path="example-static.vcxproj" Type="8bc9ceb8-8b4a-11d0-8d11-00a0c91bc942" Id="130212cf-30e4-3297-ba4e-4186508c4634">
		<BuildDependency Project="ZERO_CHECK.vcxproj"/>
		<BuildDependency Project="jpeg-static.vcxproj"/>
	</Project>
	<Project Path="installer.vcxproj" Type="8bc9ceb8-8b4a-11d0-8d11-00a0c91bc942" Id="5e91b380-b280-30f9-b741-eb4f48cb80cc">
		<BuildDependency Project="ZERO_CHECK.vcxproj"/>
		<BuildDependency Project="jpeg-static.vcxproj"/>
		<BuildDependency Project="rdjpgcom.vcxproj"/>
		<BuildDependency Project="turbojpeg-static.vcxproj"/>
		<BuildDependency Project="wrjpgcom.vcxproj"/>
		<Build Solution="Debug|*" Project="false"/>
		<Build Solution="Release|*" Project="false"/>
		<Build Solution="MinSizeRel|*" Project="false"/>
		<Build Solution="RelWithDebInfo|*" Project="false"/>
	</Project>
	<Project Path="jpeg-static.vcxproj" Type="8bc9ceb8-8b4a-11d0-8d11-00a0c91bc942" Id="f3867ddf-5afc-3ff3-9acc-40ac02c41165">
		<BuildDependency Project="ZERO_CHECK.vcxproj"/>
		<BuildDependency Project="simd/simd.vcxproj"/>
	</Project>
	<Project Path="jpegtran-static.vcxproj" Type="8bc9ceb8-8b4a-11d0-8d11-00a0c91bc942" Id="317cd3cc-e788-3b81-92ec-b69df55cc839">
		<BuildDependency Project="ZERO_CHECK.vcxproj"/>
		<BuildDependency Project="jpeg-static.vcxproj"/>
	</Project>
	<Project Path="simd/jsimdcfg.vcxproj" Type="8bc9ceb8-8b4a-11d0-8d11-00a0c91bc942" Id="0eb3b0e7-1ff4-3345-a02e-55b46f1e5cbe">
		<BuildDependency Project="ZERO_CHECK.vcxproj"/>
		<Build Solution="Debug|*" Project="false"/>
		<Build Solution="Release|*" Project="false"/>
		<Build Solution="MinSizeRel|*" Project="false"/>
		<Build Solution="RelWithDebInfo|*" Project="false"/>
	</Project>
	<Project Path="src/md5/md5cmp.vcxproj" Type="8bc9ceb8-8b4a-11d0-8d11-00a0c91bc942" Id="1d3b3463-3cd8-3ce6-8bd1-220da412ba30">
		<BuildDependency Project="ZERO_CHECK.vcxproj"/>
	</Project>
	<Project Path="src/md5/md5sum.vcxproj" Type="8bc9ceb8-8b4a-11d0-8d11-00a0c91bc942" Id="ba9a242b-03c0-30fe-af9c-1e5a43df59fd">
		<BuildDependency Project="ZERO_CHECK.vcxproj"/>
	</Project>
	<Project Path="rdjpgcom.vcxproj" Type="8bc9ceb8-8b4a-11d0-8d11-00a0c91bc942" Id="fada50df-b3cd-30ba-a9e7-004d98813e94">
		<BuildDependency Project="ZERO_CHECK.vcxproj"/>
	</Project>
	<Project Path="simd/simd.vcxproj" Type="8bc9ceb8-8b4a-11d0-8d11-00a0c91bc942" Id="f1ada94c-5acc-375d-b79b-2f659cb5cbba">
		<BuildDependency Project="ZERO_CHECK.vcxproj"/>
		<BuildDependency Project="simd/simd-objs.vcxproj"/>
	</Project>
	<Project Path="simd/simd-objs.vcxproj" Type="8bc9ceb8-8b4a-11d0-8d11-00a0c91bc942" Id="378975e1-3387-3035-8b51-2417581045b1">
		<BuildDependency Project="ZERO_CHECK.vcxproj"/>
	</Project>
	<Project Path="strtest.vcxproj" Type="8bc9ceb8-8b4a-11d0-8d11-00a0c91bc942" Id="3355fa8b-ad1b-36b2-883e-8ebbaaadb9fa">
		<BuildDependency Project="ZERO_CHECK.vcxproj"/>
	</Project>
	<Project Path="tarball.vcxproj" Type="8bc9ceb8-8b4a-11d0-8d11-00a0c91bc942" Id="160fbe7d-1060-3479-90cd-7caa6a694fd3">
		<BuildDependency Project="ZERO_CHECK.vcxproj"/>
		<Build Solution="Debug|*" Project="false"/>
		<Build Solution="Release|*" Project="false"/>
		<Build Solution="MinSizeRel|*" Project="false"/>
		<Build Solution="RelWithDebInfo|*" Project="false"/>
	</Project>
	<Project Path="testclean.vcxproj" Type="8bc9ceb8-8b4a-11d0-8d11-00a0c91bc942" Id="9849538a-56ec-3098-9280-66078f4c1de6">
		<BuildDependency Project="ZERO_CHECK.vcxproj"/>
		<Build Solution="Debug|*" Project="false"/>
		<Build Solution="Release|*" Project="false"/>
		<Build Solution="MinSizeRel|*" Project="false"/>
		<Build Solution="RelWithDebInfo|*" Project="false"/>
	</Project>
	<Project Path="tjbench-static.vcxproj" Type="8bc9ceb8-8b4a-11d0-8d11-00a0c91bc942" Id="33d4b350-c3d4-3bdf-b593-c6dbd0a37113">
		<BuildDependency Project="ZERO_CHECK.vcxproj"/>
		<BuildDependency Project="turbojpeg-static.vcxproj"/>
	</Project>
	<Project Path="tjexampletest.vcxproj" Type="8bc9ceb8-8b4a-11d0-8d11-00a0c91bc942" Id="c666b4b2-70c2-3645-b325-76c521c51c91">
		<BuildDependency Project="ZERO_CHECK.vcxproj"/>
		<Build Solution="Debug|*" Project="false"/>
		<Build Solution="Release|*" Project="false"/>
		<Build Solution="MinSizeRel|*" Project="false"/>
		<Build Solution="RelWithDebInfo|*" Project="false"/>
	</Project>
	<Project Path="tjtest.vcxproj" Type="8bc9ceb8-8b4a-11d0-8d11-00a0c91bc942" Id="b8cc826b-e38e-3a73-932f-416d0671195f">
		<BuildDependency Project="ZERO_CHECK.vcxproj"/>
		<Build Solution="Debug|*" Project="false"/>
		<Build Solution="Release|*" Project="false"/>
		<Build Solution="MinSizeRel|*" Project="false"/>
		<Build Solution="RelWithDebInfo|*" Project="false"/>
	</Project>
	<Project Path="tjtest12.vcxproj" Type="8bc9ceb8-8b4a-11d0-8d11-00a0c91bc942" Id="1f65cf37-12a2-3208-b9d1-1693ddc07017">
		<BuildDependency Project="ZERO_CHECK.vcxproj"/>
		<Build Solution="Debug|*" Project="false"/>
		<Build Solution="Release|*" Project="false"/>
		<Build Solution="MinSizeRel|*" Project="false"/>
		<Build Solution="RelWithDebInfo|*" Project="false"/>
	</Project>
	<Project Path="tjtest16.vcxproj" Type="8bc9ceb8-8b4a-11d0-8d11-00a0c91bc942" Id="24e15d12-2780-32f8-a11e-b72728337961">
		<BuildDependency Project="ZERO_CHECK.vcxproj"/>
		<Build Solution="Debug|*" Project="false"/>
		<Build Solution="Release|*" Project="false"/>
		<Build Solution="MinSizeRel|*" Project="false"/>
		<Build Solution="RelWithDebInfo|*" Project="false"/>
	</Project>
	<Project Path="tjunittest-static.vcxproj" Type="8bc9ceb8-8b4a-11d0-8d11-00a0c91bc942" Id="ed912fd5-f2f1-3302-9d01-465083b136b9">
		<BuildDependency Project="ZERO_CHECK.vcxproj"/>
		<BuildDependency Project="turbojpeg-static.vcxproj"/>
	</Project>
	<Project Path="turbojpeg-static.vcxproj" Type="8bc9ceb8-8b4a-11d0-8d11-00a0c91bc942" Id="8ec6c6f8-ddcd-3107-9291-d2bc65254f3f">
		<BuildDependency Project="ZERO_CHECK.vcxproj"/>
		<BuildDependency Project="simd/simd.vcxproj"/>
	</Project>
	<Project Path="uninstall.vcxproj" Type="8bc9ceb8-8b4a-11d0-8d11-00a0c91bc942" Id="a461f9aa-1b6a-3b0b-b548-7210746443ca">
		<BuildDependency Project="ZERO_CHECK.vcxproj"/>
		<Build Solution="Debug|*" Project="false"/>
		<Build Solution="Release|*" Project="false"/>
		<Build Solution="MinSizeRel|*" Project="false"/>
		<Build Solution="RelWithDebInfo|*" Project="false"/>
	</Project>
	<Project Path="wrappers.vcxproj" Type="8bc9ceb8-8b4a-11d0-8d11-00a0c91bc942" Id="1aacfee5-8238-33bc-b6b3-5f8645f5cb52">
		<BuildDependency Project="ZERO_CHECK.vcxproj"/>
		<Build Solution="Debug|*" Project="false"/>
		<Build Solution="Release|*" Project="false"/>
		<Build Solution="MinSizeRel|*" Project="false"/>
		<Build Solution="RelWithDebInfo|*" Project="false"/>
	</Project>
	<Project Path="wrjpgcom.vcxproj" Type="8bc9ceb8-8b4a-11d0-8d11-00a0c91bc942" Id="1ae1467b-3b08-354c-8889-6160abbd9190">
		<BuildDependency Project="ZERO_CHECK.vcxproj"/>
	</Project>
	<Folder Name="/CMakePredefinedTargets/">
		<Project Path="ALL_BUILD.vcxproj" Type="8bc9ceb8-8b4a-11d0-8d11-00a0c91bc942" Id="ab7f6cd5-842f-32a7-9ee7-ef467e1a9fda" DefaultStartup="true">
			<BuildDependency Project="ZERO_CHECK.vcxproj"/>
			<BuildDependency Project="cjpeg-static.vcxproj"/>
			<BuildDependency Project="djpeg-static.vcxproj"/>
			<BuildDependency Project="example-static.vcxproj"/>
			<BuildDependency Project="jpeg-static.vcxproj"/>
			<BuildDependency Project="jpegtran-static.vcxproj"/>
			<BuildDependency Project="src/md5/md5cmp.vcxproj"/>
			<BuildDependency Project="src/md5/md5sum.vcxproj"/>
			<BuildDependency Project="rdjpgcom.vcxproj"/>
			<BuildDependency Project="simd/simd.vcxproj"/>
			<BuildDependency Project="strtest.vcxproj"/>
			<BuildDependency Project="tjbench-static.vcxproj"/>
			<BuildDependency Project="tjunittest-static.vcxproj"/>
			<BuildDependency Project="turbojpeg-static.vcxproj"/>
			<BuildDependency Project="wrjpgcom.vcxproj"/>
		</Project>
		<Project Path="INSTALL.vcxproj" Type="8bc9ceb8-8b4a-11d0-8d11-00a0c91bc942" Id="a975dd39-39f4-3bad-bd13-d63eac8ceaf8">
			<BuildDependency Project="ALL_BUILD.vcxproj"/>
			<BuildDependency Project="ZERO_CHECK.vcxproj"/>
			<Build Solution="Debug|*" Project="false"/>
			<Build Solution="Release|*" Project="false"/>
			<Build Solution="MinSizeRel|*" Project="false"/>
			<Build Solution="RelWithDebInfo|*" Project="false"/>
		</Project>
		<Project Path="RUN_TESTS.vcxproj" Type="8bc9ceb8-8b4a-11d0-8d11-00a0c91bc942" Id="0b65880e-7097-3507-8f84-b083acdef02f">
			<BuildDependency Project="ZERO_CHECK.vcxproj"/>
			<Build Solution="Debug|*" Project="false"/>
			<Build Solution="Release|*" Project="false"/>
			<Build Solution="MinSizeRel|*" Project="false"/>
			<Build Solution="RelWithDebInfo|*" Project="false"/>
		</Project>
		<Project Path="ZERO_CHECK.vcxproj" Type="8bc9ceb8-8b4a-11d0-8d11-00a0c91bc942" Id="d09849db-5998-35ed-a99f-f43941c08822"/>
	</Folder>
</Solution>
